
Microsoft Visual Studio Solution File, Format Version 12.00
# Visual Studio Version 17
VisualStudioVersion = 17.10.35004.147
MinimumVisualStudioVersion = 10.0.40219.1
Project("{9A19103F-16F7-4668-BE54-9A1E7A4F7556}") = "SLCSchedule", "slcschedule\SLCSchedule.csproj", "{533ACF0B-7C6A-409C-98EF-5B1AB10FD30A}"
EndProject
Project("{FAE04EC0-301F-11D3-BF4B-00C04F79EFBC}") = "SLCScheduleTests", "SLCScheduleTest\SLCScheduleTests.csproj", "{40790C8A-4921-433B-91DE-19FE0D28F5DB}"
EndProject
Global
	GlobalSection(SolutionConfigurationPlatforms) = preSolution
		Debug|Any CPU = Debug|Any CPU
		Release|Any CPU = Release|Any CPU
	EndGlobalSection
	GlobalSection(ProjectConfigurationPlatforms) = postSolution
		{533ACF0B-7C6A-409C-98EF-5B1AB10FD30A}.Debug|Any CPU.ActiveCfg = Debug|Any CPU
		{533ACF0B-7C6A-409C-98EF-5B1AB10FD30A}.Debug|Any CPU.Build.0 = Debug|Any CPU
		{533ACF0B-7C6A-409C-98EF-5B1AB10FD30A}.Release|Any CPU.ActiveCfg = Release|Any CPU
		{533ACF0B-7C6A-409C-98EF-5B1AB10FD30A}.Release|Any CPU.Build.0 = Release|Any CPU
		{40790C8A-4921-433B-91DE-19FE0D28F5DB}.Debug|Any CPU.ActiveCfg = Debug|Any CPU
		{40790C8A-4921-433B-91DE-19FE0D28F5DB}.Debug|Any CPU.Build.0 = Debug|Any CPU
		{40790C8A-4921-433B-91DE-19FE0D28F5DB}.Release|Any CPU.ActiveCfg = Release|Any CPU
		{40790C8A-4921-433B-91DE-19FE0D28F5DB}.Release|Any CPU.Build.0 = Release|Any CPU
	EndGlobalSection
	GlobalSection(SolutionProperties) = preSolution
		HideSolutionNode = FALSE
	EndGlobalSection
	GlobalSection(ExtensibilityGlobals) = postSolution
		SolutionGuid = {AEE53116-7DA4-472D-AC8E-2E5784209511}
	EndGlobalSection
EndGlobal
